
Microsoft Visual Studio Solution File, Format Version 12.00
# Visual Studio Version 17
VisualStudioVersion = 17.10.34928.147
MinimumVisualStudioVersion = 10.0.40219.1
Project("{9A19103F-16F7-4668-BE54-9A1E7A4F7556}") = "ProjectManagementDashboard", "ProjectManagementDashboard\ProjectManagementDashboard.csproj", "{5072C802-D45E-4002-B402-2F8E53C01E40}"
EndProject
Project("{9A19103F-16F7-4668-BE54-9A1E7A4F7556}") = "ProjectManagementDashboard.Tests", "ProjectManagementDashboard.Tests\ProjectManagementDashboard.Tests.csproj", "{8DE00FC5-D81C-4135-AEF7-978F3DCE0283}"
EndProject
Global
	GlobalSection(SolutionConfigurationPlatforms) = preSolution
		Debug|Any CPU = Debug|Any CPU
		Release|Any CPU = Release|Any CPU
	EndGlobalSection
	GlobalSection(ProjectConfigurationPlatforms) = postSolution
		{5072C802-D45E-4002-B402-2F8E53C01E40}.Debug|Any CPU.ActiveCfg = Debug|Any CPU
		{5072C802-D45E-4002-B402-2F8E53C01E40}.Debug|Any CPU.Build.0 = Debug|Any CPU
		{5072C802-D45E-4002-B402-2F8E53C01E40}.Release|Any CPU.ActiveCfg = Release|Any CPU
		{5072C802-D45E-4002-B402-2F8E53C01E40}.Release|Any CPU.Build.0 = Release|Any CPU
		{8DE00FC5-D81C-4135-AEF7-978F3DCE0283}.Debug|Any CPU.ActiveCfg = Debug|Any CPU
		{8DE00FC5-D81C-4135-AEF7-978F3DCE0283}.Debug|Any CPU.Build.0 = Debug|Any CPU
		{8DE00FC5-D81C-4135-AEF7-978F3DCE0283}.Release|Any CPU.ActiveCfg = Release|Any CPU
		{8DE00FC5-D81C-4135-AEF7-978F3DCE0283}.Release|Any CPU.Build.0 = Release|Any CPU
	EndGlobalSection
	GlobalSection(SolutionProperties) = preSolution
		HideSolutionNode = FALSE
	EndGlobalSection
	GlobalSection(ExtensibilityGlobals) = postSolution
		SolutionGuid = {657936B7-1BA0-44E6-92B4-EBE9877B2DD2}
	EndGlobalSection
EndGlobal
